// !$*UTF8*$!
{
	archiveVersion = 1;
	classes = {
	};
	objectVersion = 56;
	objects = {
		0A00000000000001 /* Project object */ = {
			isa = PBXProject;
			attributes = {
				BuildIndependentTargetsInParallel = 1;
				LastUpgradeCheck = 1540;
				TargetAttributes = {
					0A00000000000002 = {
						CreatedOnToolsVersion = 15.4;
						DevelopmentTeam = "";
					};
				};
			};
			buildConfigurationList = 0A00000000000003 /* Build configuration list for PBXProject "WhereUAt" */;
			compatibilityVersion = "Xcode 14.0";
			developmentRegion = en;
			hasScannedForEncodings = 0;
			knownRegions = (
				en,
				Base,
			);
			mainGroup = 0A00000000000004 /* WhereUAt */;
			productRefGroup = 0A00000000000005 /* Products */;
			projectDirPath = "";
			projectRoot = "";
			targets = (
				0A00000000000002 /* WhereUAt */,
			);
		};
		0A00000000000003 /* Build configuration list for PBXProject "WhereUAt" */ = {
			isa = XCConfigurationList;
			buildConfigurations = (
				0A00000000000006 /* Debug */,
				0A00000000000007 /* Release */,
			);
			defaultConfigurationIsVisible = 0;
			defaultConfigurationName = Release;
		};
		0A00000000000004 /* WhereUAt */ = {
			isa = PBXGroup;
			children = (
				0A00000000000008 /* App */,
				0A00000000000009 /* Models */,
				0A0000000000000A /* Views */,
				0A0000000000000B /* ViewModels */,
				0A0000000000000C /* Services */,
				0A0000000000000D /* Resources */,
			);
			sourceTree = "<group>";
		};
		0A00000000000005 /* Products */ = {
			isa = PBXGroup;
			children = (
				0A00000000000002 /* WhereUAt.app */,
			);
			name = Products;
			sourceTree = "<group>";
		};
		0A00000000000008 /* App */ = {
			isa = PBXGroup;
			children = (
				0A0000000000000E /* WhereUAtApp.swift */,
			);
			path = App;
			sourceTree = "<group>";
		};
		0A00000000000009 /* Models */ = {
			isa = PBXGroup;
			children = (
				0A0000000000000F /* CoreModels.swift */,
			);
			path = Models;
			sourceTree = "<group>";
		};
		0A0000000000000A /* Views */ = {
			isa = PBXGroup;
			children = (
				0A00000000000010 /* LoginView.swift */,
				0A00000000000011 /* MapView.swift */,
				0A00000000000012 /* FriendsFeedView.swift */,
				0A00000000000013 /* ChatView.swift */,
				0A00000000000014 /* ProfileView.swift */,
				0A00000000000015 /* TicketsView.swift */,
			);
			path = Views;
			sourceTree = "<group>";
		};
		0A0000000000000B /* ViewModels */ = {
			isa = PBXGroup;
			children = (
				0A00000000000016 /* ProfileViewModel.swift */,
				0A00000000000017 /* FeedViewModel.swift */,
				0A00000000000018 /* MapViewModel.swift */,
				0A00000000000019 /* ChatViewModel.swift */,
				0A0000000000001A /* TicketsViewModel.swift */,
			);
			path = ViewModels;
			sourceTree = "<group>";
		};
		0A0000000000000C /* Services */ = {
			isa = PBXGroup;
			children = (
				0A0000000000001B /* APIServices.swift */,
				0A0000000000001C /* NetworkService.swift */,
				0A0000000000001D /* AuthManager.swift */,
				0A00000000000035 /* LocationManager.swift */,
			);
			path = Services;
			sourceTree = "<group>";
		};
		0A0000000000000D /* Resources */ = {
			isa = PBXGroup;
			children = (
			);
			path = Resources;
			sourceTree = "<group>";
		};
		0A0000000000000E /* WhereUAtApp.swift */ = {
			isa = PBXFileReference;
			lastKnownFileType = sourcecode.swift;
			path = "WhereUAtApp.swift";
			sourceTree = "<group>";
		};
		0A0000000000000F /* CoreModels.swift */ = {
			isa = PBXFileReference;
			lastKnownFileType = sourcecode.swift;
			path = "CoreModels.swift";
			sourceTree = "<group>";
		};
		0A00000000000010 /* LoginView.swift */ = {
			isa = PBXFileReference;
			lastKnownFileType = sourcecode.swift;
			path = "LoginView.swift";
			sourceTree = "<group>";
		};
		0A00000000000011 /* MapView.swift */ = {
			isa = PBXFileReference;
			lastKnownFileType = sourcecode.swift;
			path = "MapView.swift";
			sourceTree = "<group>";
		};
		0A00000000000012 /* FriendsFeedView.swift */ = {
			isa = PBXFileReference;
			lastKnownFileType = sourcecode.swift;
			path = "FriendsFeedView.swift";
			sourceTree = "<group>";
		};
		0A00000000000013 /* ChatView.swift */ = {
			isa = PBXFileReference;
			lastKnownFileType = sourcecode.swift;
			path = "ChatView.swift";
			sourceTree = "<group>";
		};
		0A00000000000014 /* ProfileView.swift */ = {
			isa = PBXFileReference;
			lastKnownFileType = sourcecode.swift;
			path = "ProfileView.swift";
			sourceTree = "<group>";
		};
		0A00000000000015 /* TicketsView.swift */ = {
			isa = PBXFileReference;
			lastKnownFileType = sourcecode.swift;
			path = "TicketsView.swift";
			sourceTree = "<group>";
		};
		0A00000000000016 /* ProfileViewModel.swift */ = {
			isa = PBXFileReference;
			lastKnownFileType = sourcecode.swift;
			path = "ProfileViewModel.swift";
			sourceTree = "<group>";
		};
		0A00000000000017 /* FeedViewModel.swift */ = {
			isa = PBXFileReference;
			lastKnownFileType = sourcecode.swift;
			path = "FeedViewModel.swift";
			sourceTree = "<group>";
		};
		0A00000000000018 /* MapViewModel.swift */ = {
			isa = PBXFileReference;
			lastKnownFileType = sourcecode.swift;
			path = "MapViewModel.swift";
			sourceTree = "<group>";
		};
		0A00000000000019 /* ChatViewModel.swift */ = {
			isa = PBXFileReference;
			lastKnownFileType = sourcecode.swift;
			path = "ChatViewModel.swift";
			sourceTree = "<group>";
		};
		0A0000000000001A /* TicketsViewModel.swift */ = {
			isa = PBXFileReference;
			lastKnownFileType = sourcecode.swift;
			path = "TicketsViewModel.swift";
			sourceTree = "<group>";
		};
		0A0000000000001B /* APIServices.swift */ = {
			isa = PBXFileReference;
			lastKnownFileType = sourcecode.swift;
			path = "APIServices.swift";
			sourceTree = "<group>";
		};
		0A0000000000001C /* NetworkService.swift */ = {
			isa = PBXFileReference;
			lastKnownFileType = sourcecode.swift;
			path = "NetworkService.swift";
			sourceTree = "<group>";
		};
		0A0000000000001D /* AuthManager.swift */ = {
			isa = PBXFileReference;
			lastKnownFileType = sourcecode.swift;
			path = "AuthManager.swift";
			sourceTree = "<group>";
		};
		0A00000000000035 /* LocationManager.swift */ = {
			isa = PBXFileReference;
			lastKnownFileType = sourcecode.swift;
			path = "LocationManager.swift";
			sourceTree = "<group>";
		};
		0A00000000000002 /* WhereUAt */ = {
			isa = PBXNativeTarget;
			buildConfigurationList = 0A0000000000001E /* Build configuration list for PBXNativeTarget "WhereUAt" */;
			buildPhases = (
				0A0000000000001F /* Sources */,
				0A00000000000020 /* Frameworks */,
				0A00000000000021 /* Resources */,
			);
			buildRules = (
			);
			dependencies = (
			);
			name = WhereUAt;
			productName = WhereUAt;
			productReference = 0A00000000000002 /* WhereUAt.app */;
			productType = "com.apple.product-type.application";
		};
		0A0000000000001E /* Build configuration list for PBXNativeTarget "WhereUAt" */ = {
			isa = XCConfigurationList;
			buildConfigurations = (
				0A00000000000022 /* Debug */,
				0A00000000000023 /* Release */,
			);
			defaultConfigurationIsVisible = 0;
			defaultConfigurationName = Release;
		};
		0A0000000000001F /* Sources */ = {
			isa = PBXSourcesBuildPhase;
			buildActionMask = 2147483647;
			files = (
				0A00000000000024 /* WhereUAtApp.swift in Sources */,
				0A00000000000025 /* CoreModels.swift in Sources */,
				0A00000000000026 /* LoginView.swift in Sources */,
				0A00000000000027 /* MapView.swift in Sources */,
				0A00000000000028 /* FriendsFeedView.swift in Sources */,
				0A00000000000029 /* ChatView.swift in Sources */,
				0A0000000000002A /* ProfileView.swift in Sources */,
				0A0000000000002B /* TicketsView.swift in Sources */,
				0A0000000000002C /* ProfileViewModel.swift in Sources */,
				0A0000000000002D /* FeedViewModel.swift in Sources */,
				0A0000000000002E /* MapViewModel.swift in Sources */,
				0A0000000000002F /* ChatViewModel.swift in Sources */,
				0A00000000000030 /* TicketsViewModel.swift in Sources */,
				0A00000000000031 /* APIServices.swift in Sources */,
				0A00000000000032 /* NetworkService.swift in Sources */,
				0A00000000000033 /* AuthManager.swift in Sources */,
				0A00000000000036 /* LocationManager.swift in Sources */,
			);
			runOnlyForDeploymentPostprocessing = 0;
		};
		0A00000000000020 /* Frameworks */ = {
			isa = PBXFrameworksBuildPhase;
			buildActionMask = 2147483647;
			files = (
			);
			runOnlyForDeploymentPostprocessing = 0;
		};
		0A00000000000021 /* Resources */ = {
			isa = PBXResourcesBuildPhase;
			buildActionMask = 2147483647;
			files = (
			);
			runOnlyForDeploymentPostprocessing = 0;
		};
		0A00000000000022 /* Debug */ = {
			isa = XCBuildConfiguration;
			buildSettings = {
				ASSETCATALOG_COMPILER_APPICON_NAME = AppIcon;
				ASSETCATALOG_COMPILER_GLOBAL_ACCENT_COLOR_NAME = AccentColor;
				CODE_SIGN_IDENTITY = "iPhone Developer";
				CODE_SIGN_STYLE = Automatic;
				CURRENT_PROJECT_VERSION = 1;
				DEBUG_INFORMATION_FORMAT = "dwarf-with-dsym";
				ENABLE_STRICT_OBJC_MSGSEND = YES;
				ENABLE_TESTABILITY = YES;
				GCC_C_LANGUAGE_DIALECT = gnu17;
				GCC_DYNAMIC_NO_PIC = NO;
				GCC_NO_COMMON_BLOCKS = YES;
				GCC_OPTIMIZATION_LEVEL = 0;
				GCC_PREPROCESSOR_DEFINITIONS = (
					"DEBUG=1",
					"$(inherited)",
				);
				GCC_WARN_64_TO_32_BIT_CONVERSION = YES;
				GCC_WARN_ABOUT_RETURN_TYPE = YES_ERROR;
				GCC_WARN_UNDECLARED_SELECTOR = YES;
				GCC_WARN_UNINITIALIZED_AUTOS = YES_AGGRESSIVE;
				GCC_WARN_UNUSED_FUNCTION = YES;
				GCC_WARN_UNUSED_VARIABLE = YES;
				IPHONEOS_DEPLOYMENT_TARGET = 15.0;
				MTL_ENABLE_DEBUG_INFO = INCLUDE_SOURCE;
				MTL_FAST_MATH = YES;
				ONLY_ACTIVE_ARCH = YES;
				SDKROOT = iphoneos;
				SWIFT_ACTIVE_COMPILATION_CONDITIONS = DEBUG;
				SWIFT_OPTIMIZATION_LEVEL = "-Onone";
				TARGETED_DEVICE_FAMILY = "1,2";
				VERSIONING_SYSTEM = "apple-generic";
				VERSION_INFO_PREFIX = "";
			};
			name = Debug;
		};
		0A00000000000023 /* Release */ = {
			isa = XCBuildConfiguration;
			buildSettings = {
				ASSETCATALOG_COMPILER_APPICON_NAME = AppIcon;
				ASSETCATALOG_COMPILER_GLOBAL_ACCENT_COLOR_NAME = AccentColor;
				CODE_SIGN_IDENTITY = "iPhone Developer";
				CODE_SIGN_STYLE = Automatic;
				CURRENT_PROJECT_VERSION = 1;
				DEBUG_INFORMATION_FORMAT = "dwarf";
				ENABLE_NS_ASSERTIONS = NO;
				ENABLE_STRICT_OBJC_MSGSEND = YES;
				GCC_C_LANGUAGE_DIALECT = gnu17;
				GCC_NO_COMMON_BLOCKS = YES;
				GCC_WARN_64_TO_32_BIT_CONVERSION = YES;
				GCC_WARN_ABOUT_RETURN_TYPE = YES_ERROR;
				GCC_WARN_UNDECLARED_SELECTOR = YES;
				GCC_WARN_UNINITIALIZED_AUTOS = YES_AGGRESSIVE;
				GCC_WARN_UNUSED_FUNCTION = YES;
				GCC_WARN_UNUSED_VARIABLE = YES;
				IPHONEOS_DEPLOYMENT_TARGET = 15.0;
				MTL_ENABLE_DEBUG_INFO = NO;
				MTL_FAST_MATH = YES;
				SDKROOT = iphoneos;
				SWIFT_COMPILATION_MODE = wholemodule;
				SWIFT_OPTIMIZATION_LEVEL = "-O";
				TARGETED_DEVICE_FAMILY = "1,2";
				VALIDATE_PRODUCT = YES;
				VERSIONING_SYSTEM = "apple-generic";
				VERSION_INFO_PREFIX = "";
			};
			name = Release;
		};
	};
	rootObject = 0A00000000000001 /* Project object */;
}
